
Microsoft Visual Studio Solution File, Format Version 12.00
# Visual Studio 15
VisualStudioVersion = 15.0.28010.2036
MinimumVisualStudioVersion = 10.0.40219.1
Project("{FAE04EC0-301F-11D3-BF4B-00C04F79EFBC}") = "KueObfuscator", "KueObfuscator\KueObfuscator.csproj", "{C06B7F92-0F3B-453B-B417-10243E52B197}"
EndProject
Global
	GlobalSection(SolutionConfigurationPlatforms) = preSolution
		Debug|Any CPU = Debug|Any CPU
		Release|Any CPU = Release|Any CPU
	EndGlobalSection
	GlobalSection(ProjectConfigurationPlatforms) = postSolution
		{C06B7F92-0F3B-453B-B417-10243E52B197}.Debug|Any CPU.ActiveCfg = Debug|Any CPU
		{C06B7F92-0F3B-453B-B417-10243E52B197}.Debug|Any CPU.Build.0 = Debug|Any CPU
		{C06B7F92-0F3B-453B-B417-10243E52B197}.Release|Any CPU.ActiveCfg = Release|Any CPU
		{C06B7F92-0F3B-453B-B417-10243E52B197}.Release|Any CPU.Build.0 = Release|Any CPU
	EndGlobalSection
	GlobalSection(SolutionProperties) = preSolution
		HideSolutionNode = FALSE
	EndGlobalSection
	GlobalSection(ExtensibilityGlobals) = postSolution
		SolutionGuid = {D9B3B3AC-65E6-4431-97E3-FAB3DF9BAC7B}
	EndGlobalSection
EndGlobal
